// !$*UTF8*$!
{
	archiveVersion = 1;
	classes = {
	};
	objectVersion = 56;
	objects = {

/* Begin PBXBuildFile section */
		480D211A2ED34328007C90C5 /* SessionModel.swift in Sources */ = {isa = PBXBuildFile; fileRef = 480D21192ED34328007C90C5 /* SessionModel.swift */; };
		480D211C2ED3454D007C90C5 /* GlassyTabBarView.swift in Sources */ = {isa = PBXBuildFile; fileRef = 480D211B2ED3454D007C90C5 /* GlassyTabBarView.swift */; };
		480D21212ED345ED007C90C5 /* HomeViewModel.swift in Sources */ = {isa = PBXBuildFile; fileRef = 480D21202ED345ED007C90C5 /* HomeViewModel.swift */; };
		480D21272ED3476B007C90C5 /* AddWorkoutView.swift in Sources */ = {isa = PBXBuildFile; fileRef = 480D21262ED3476B007C90C5 /* AddWorkoutView.swift */; };
		480D21292ED34978007C90C5 /* AddWorkoutViewModel.swift in Sources */ = {isa = PBXBuildFile; fileRef = 480D21282ED34978007C90C5 /* AddWorkoutViewModel.swift */; };
		480D212B2ED34C0F007C90C5 /* CircularDurationPicker.swift in Sources */ = {isa = PBXBuildFile; fileRef = 480D212A2ED34C0F007C90C5 /* CircularDurationPicker.swift */; };
		4810940A2ED22690002F7588 /* WorkoutScreen.swift in Sources */ = {isa = PBXBuildFile; fileRef = 481094092ED22690002F7588 /* WorkoutScreen.swift */; };
		4810940D2ED22751002F7588 /* HomeView.swift in Sources */ = {isa = PBXBuildFile; fileRef = 4810940C2ED22751002F7588 /* HomeView.swift */; };
		481094102ED227D1002F7588 /* HeaderView.swift in Sources */ = {isa = PBXBuildFile; fileRef = 4810940F2ED227D1002F7588 /* HeaderView.swift */; };
		481094132ED22890002F7588 /* AppColors.swift in Sources */ = {isa = PBXBuildFile; fileRef = 481094122ED22890002F7588 /* AppColors.swift */; };
		481094192ED239BF002F7588 /* Ubuntu-Bold.ttf in Resources */ = {isa = PBXBuildFile; fileRef = 481094152ED22A80002F7588 /* Ubuntu-Bold.ttf */; };
		4810941A2ED239BF002F7588 /* Ubuntu-Medium.ttf in Resources */ = {isa = PBXBuildFile; fileRef = 481094162ED22A80002F7588 /* Ubuntu-Medium.ttf */; };
		4810941B2ED239BF002F7588 /* Ubuntu-Regular.ttf in Resources */ = {isa = PBXBuildFile; fileRef = 481094172ED22A80002F7588 /* Ubuntu-Regular.ttf */; };
		486E870C2ED1C98B00C364ED /* fitlogApp.swift in Sources */ = {isa = PBXBuildFile; fileRef = 486E870B2ED1C98B00C364ED /* fitlogApp.swift */; };
		486E870E2ED1C98B00C364ED /* ContentView.swift in Sources */ = {isa = PBXBuildFile; fileRef = 486E870D2ED1C98B00C364ED /* ContentView.swift */; };
		486E87102ED1C99100C364ED /* Assets.xcassets in Resources */ = {isa = PBXBuildFile; fileRef = 486E870F2ED1C99100C364ED /* Assets.xcassets */; };
		486E87132ED1C99100C364ED /* Preview Assets.xcassets in Resources */ = {isa = PBXBuildFile; fileRef = 486E87122ED1C99100C364ED /* Preview Assets.xcassets */; };
		486E87152ED1C99200C364ED /* Persistence.swift in Sources */ = {isa = PBXBuildFile; fileRef = 486E87142ED1C99200C364ED /* Persistence.swift */; };
		486E87182ED1C99200C364ED /* fitlog.xcdatamodeld in Sources */ = {isa = PBXBuildFile; fileRef = 486E87162ED1C99200C364ED /* fitlog.xcdatamodeld */; };
		486E87222ED1C99200C364ED /* fitlogTests.swift in Sources */ = {isa = PBXBuildFile; fileRef = 486E87212ED1C99200C364ED /* fitlogTests.swift */; };
		486E872C2ED1C99200C364ED /* fitlogUITests.swift in Sources */ = {isa = PBXBuildFile; fileRef = 486E872B2ED1C99200C364ED /* fitlogUITests.swift */; };
		486E872E2ED1C99200C364ED /* fitlogUITestsLaunchTests.swift in Sources */ = {isa = PBXBuildFile; fileRef = 486E872D2ED1C99200C364ED /* fitlogUITestsLaunchTests.swift */; };
/* End PBXBuildFile section */

/* Begin PBXContainerItemProxy section */
		486E871E2ED1C99200C364ED /* PBXContainerItemProxy */ = {
			isa = PBXContainerItemProxy;
			containerPortal = 486E87002ED1C98B00C364ED /* Project object */;
			proxyType = 1;
			remoteGlobalIDString = 486E87072ED1C98B00C364ED;
			remoteInfo = fitlog;
		};
		486E87282ED1C99200C364ED /* PBXContainerItemProxy */ = {
			isa = PBXContainerItemProxy;
			containerPortal = 486E87002ED1C98B00C364ED /* Project object */;
			proxyType = 1;
			remoteGlobalIDString = 486E87072ED1C98B00C364ED;
			remoteInfo = fitlog;
		};
/* End PBXContainerItemProxy section */

/* Begin PBXFileReference section */
		480D21192ED34328007C90C5 /* SessionModel.swift */ = {isa = PBXFileReference; lastKnownFileType = sourcecode.swift; path = SessionModel.swift; sourceTree = "<group>"; };
		480D211B2ED3454D007C90C5 /* GlassyTabBarView.swift */ = {isa = PBXFileReference; lastKnownFileType = sourcecode.swift; path = GlassyTabBarView.swift; sourceTree = "<group>"; };
		480D21202ED345ED007C90C5 /* HomeViewModel.swift */ = {isa = PBXFileReference; lastKnownFileType = sourcecode.swift; path = HomeViewModel.swift; sourceTree = "<group>"; };
		480D21262ED3476B007C90C5 /* AddWorkoutView.swift */ = {isa = PBXFileReference; lastKnownFileType = sourcecode.swift; path = AddWorkoutView.swift; sourceTree = "<group>"; };
		480D21282ED34978007C90C5 /* AddWorkoutViewModel.swift */ = {isa = PBXFileReference; lastKnownFileType = sourcecode.swift; path = AddWorkoutViewModel.swift; sourceTree = "<group>"; };
		480D212A2ED34C0F007C90C5 /* CircularDurationPicker.swift */ = {isa = PBXFileReference; lastKnownFileType = sourcecode.swift; path = CircularDurationPicker.swift; sourceTree = "<group>"; };
		481094092ED22690002F7588 /* WorkoutScreen.swift */ = {isa = PBXFileReference; lastKnownFileType = sourcecode.swift; path = WorkoutScreen.swift; sourceTree = "<group>"; };
		4810940C2ED22751002F7588 /* HomeView.swift */ = {isa = PBXFileReference; lastKnownFileType = sourcecode.swift; path = HomeView.swift; sourceTree = "<group>"; };
		4810940F2ED227D1002F7588 /* HeaderView.swift */ = {isa = PBXFileReference; lastKnownFileType = sourcecode.swift; path = HeaderView.swift; sourceTree = "<group>"; };
		481094122ED22890002F7588 /* AppColors.swift */ = {isa = PBXFileReference; lastKnownFileType = sourcecode.swift; path = AppColors.swift; sourceTree = "<group>"; };
		481094152ED22A80002F7588 /* Ubuntu-Bold.ttf */ = {isa = PBXFileReference; lastKnownFileType = file; path = "Ubuntu-Bold.ttf"; sourceTree = "<group>"; };
		481094162ED22A80002F7588 /* Ubuntu-Medium.ttf */ = {isa = PBXFileReference; lastKnownFileType = file; path = "Ubuntu-Medium.ttf"; sourceTree = "<group>"; };
		481094172ED22A80002F7588 /* Ubuntu-Regular.ttf */ = {isa = PBXFileReference; lastKnownFileType = file; path = "Ubuntu-Regular.ttf"; sourceTree = "<group>"; };
		481094182ED23557002F7588 /* Info.plist */ = {isa = PBXFileReference; lastKnownFileType = text.plist; path = Info.plist; sourceTree = "<group>"; };
		486E87082ED1C98B00C364ED /* fitlog.app */ = {isa = PBXFileReference; explicitFileType = wrapper.application; includeInIndex = 0; path = fitlog.app; sourceTree = BUILT_PRODUCTS_DIR; };
		486E870B2ED1C98B00C364ED /* fitlogApp.swift */ = {isa = PBXFileReference; lastKnownFileType = sourcecode.swift; path = fitlogApp.swift; sourceTree = "<group>"; };
		486E870D2ED1C98B00C364ED /* ContentView.swift */ = {isa = PBXFileReference; lastKnownFileType = sourcecode.swift; path = ContentView.swift; sourceTree = "<group>"; };
		486E870F2ED1C99100C364ED /* Assets.xcassets */ = {isa = PBXFileReference; lastKnownFileType = folder.assetcatalog; path = Assets.xcassets; sourceTree = "<group>"; };
		486E87122ED1C99100C364ED /* Preview Assets.xcassets */ = {isa = PBXFileReference; lastKnownFileType = folder.assetcatalog; path = "Preview Assets.xcassets"; sourceTree = "<group>"; };
		486E87142ED1C99200C364ED /* Persistence.swift */ = {isa = PBXFileReference; lastKnownFileType = sourcecode.swift; path = Persistence.swift; sourceTree = "<group>"; };
		486E87172ED1C99200C364ED /* fitlog.xcdatamodel */ = {isa = PBXFileReference; lastKnownFileType = wrapper.xcdatamodel; path = fitlog.xcdatamodel; sourceTree = "<group>"; };
		486E871D2ED1C99200C364ED /* fitlogTests.xctest */ = {isa = PBXFileReference; explicitFileType = wrapper.cfbundle; includeInIndex = 0; path = fitlogTests.xctest; sourceTree = BUILT_PRODUCTS_DIR; };
		486E87212ED1C99200C364ED /* fitlogTests.swift */ = {isa = PBXFileReference; lastKnownFileType = sourcecode.swift; path = fitlogTests.swift; sourceTree = "<group>"; };
		486E87272ED1C99200C364ED /* fitlogUITests.xctest */ = {isa = PBXFileReference; explicitFileType = wrapper.cfbundle; includeInIndex = 0; path = fitlogUITests.xctest; sourceTree = BUILT_PRODUCTS_DIR; };
		486E872B2ED1C99200C364ED /* fitlogUITests.swift */ = {isa = PBXFileReference; lastKnownFileType = sourcecode.swift; path = fitlogUITests.swift; sourceTree = "<group>"; };
		486E872D2ED1C99200C364ED /* fitlogUITestsLaunchTests.swift */ = {isa = PBXFileReference; lastKnownFileType = sourcecode.swift; path = fitlogUITestsLaunchTests.swift; sourceTree = "<group>"; };
/* End PBXFileReference section */

/* Begin PBXFrameworksBuildPhase section */
		486E87052ED1C98B00C364ED /* Frameworks */ = {
			isa = PBXFrameworksBuildPhase;
			buildActionMask = 2147483647;
			files = (
			);
			runOnlyForDeploymentPostprocessing = 0;
		};
		486E871A2ED1C99200C364ED /* Frameworks */ = {
			isa = PBXFrameworksBuildPhase;
			buildActionMask = 2147483647;
			files = (
			);
			runOnlyForDeploymentPostprocessing = 0;
		};
		486E87242ED1C99200C364ED /* Frameworks */ = {
			isa = PBXFrameworksBuildPhase;
			buildActionMask = 2147483647;
			files = (
			);
			runOnlyForDeploymentPostprocessing = 0;
		};
/* End PBXFrameworksBuildPhase section */

/* Begin PBXGroup section */
		480D21172ED34304007C90C5 /* Model */ = {
			isa = PBXGroup;
			children = (
			);
			path = Model;
			sourceTree = "<group>";
		};
		480D211D2ED345A6007C90C5 /* Model */ = {
			isa = PBXGroup;
			children = (
				480D21192ED34328007C90C5 /* SessionModel.swift */,
			);
			path = Model;
			sourceTree = "<group>";
		};
		480D211E2ED345B7007C90C5 /* ViewModel */ = {
			isa = PBXGroup;
			children = (
				480D21202ED345ED007C90C5 /* HomeViewModel.swift */,
			);
			path = ViewModel;
			sourceTree = "<group>";
		};
		480D21222ED34726007C90C5 /* AddWorkout */ = {
			isa = PBXGroup;
			children = (
				480D21252ED3474A007C90C5 /* ViewModel */,
				480D21242ED34743007C90C5 /* Model */,
				480D21232ED34739007C90C5 /* View */,
			);
			path = AddWorkout;
			sourceTree = "<group>";
		};
		480D21232ED34739007C90C5 /* View */ = {
			isa = PBXGroup;
			children = (
				480D21262ED3476B007C90C5 /* AddWorkoutView.swift */,
			);
			path = View;
			sourceTree = "<group>";
		};
		480D21242ED34743007C90C5 /* Model */ = {
			isa = PBXGroup;
			children = (
			);
			path = Model;
			sourceTree = "<group>";
		};
		480D21252ED3474A007C90C5 /* ViewModel */ = {
			isa = PBXGroup;
			children = (
				480D21282ED34978007C90C5 /* AddWorkoutViewModel.swift */,
			);
			path = ViewModel;
			sourceTree = "<group>";
		};
		481094052ED22628002F7588 /* Core */ = {
			isa = PBXGroup;
			children = (
				480D21172ED34304007C90C5 /* Model */,
			);
			path = Core;
			sourceTree = "<group>";
		};
		481094062ED22631002F7588 /* Features */ = {
			isa = PBXGroup;
			children = (
				480D21222ED34726007C90C5 /* AddWorkout */,
				4810940B2ED2272D002F7588 /* HomeScreen */,
				481094082ED22663002F7588 /* WorkoutScreen */,
			);
			path = Features;
			sourceTree = "<group>";
		};
		481094072ED22640002F7588 /* Utils */ = {
			isa = PBXGroup;
			children = (
			);
			path = Utils;
			sourceTree = "<group>";
		};
		481094082ED22663002F7588 /* WorkoutScreen */ = {
			isa = PBXGroup;
			children = (
				481094092ED22690002F7588 /* WorkoutScreen.swift */,
			);
			path = WorkoutScreen;
			sourceTree = "<group>";
		};
		4810940B2ED2272D002F7588 /* HomeScreen */ = {
			isa = PBXGroup;
			children = (
				480D211E2ED345B7007C90C5 /* ViewModel */,
				480D211D2ED345A6007C90C5 /* Model */,
				4810940C2ED22751002F7588 /* HomeView.swift */,
			);
			path = HomeScreen;
			sourceTree = "<group>";
		};
		4810940E2ED227BF002F7588 /* Shared */ = {
			isa = PBXGroup;
			children = (
				4810940F2ED227D1002F7588 /* HeaderView.swift */,
				480D211B2ED3454D007C90C5 /* GlassyTabBarView.swift */,
				480D212A2ED34C0F007C90C5 /* CircularDurationPicker.swift */,
			);
			path = Shared;
			sourceTree = "<group>";
		};
		481094112ED2284F002F7588 /* Resources */ = {
			isa = PBXGroup;
			children = (
				486E870F2ED1C99100C364ED /* Assets.xcassets */,
				481094122ED22890002F7588 /* AppColors.swift */,
			);
			path = Resources;
			sourceTree = "<group>";
		};
		481094142ED22A5A002F7588 /* Fonts */ = {
			isa = PBXGroup;
			children = (
				481094152ED22A80002F7588 /* Ubuntu-Bold.ttf */,
				481094162ED22A80002F7588 /* Ubuntu-Medium.ttf */,
				481094172ED22A80002F7588 /* Ubuntu-Regular.ttf */,
			);
			path = Fonts;
			sourceTree = "<group>";
		};
		486E86FF2ED1C98B00C364ED = {
			isa = PBXGroup;
			children = (
				486E870A2ED1C98B00C364ED /* fitlog */,
				486E87202ED1C99200C364ED /* fitlogTests */,
				486E872A2ED1C99200C364ED /* fitlogUITests */,
				486E87092ED1C98B00C364ED /* Products */,
			);
			sourceTree = "<group>";
		};
		486E87092ED1C98B00C364ED /* Products */ = {
			isa = PBXGroup;
			children = (
				486E87082ED1C98B00C364ED /* fitlog.app */,
				486E871D2ED1C99200C364ED /* fitlogTests.xctest */,
				486E87272ED1C99200C364ED /* fitlogUITests.xctest */,
			);
			name = Products;
			sourceTree = "<group>";
		};
		486E870A2ED1C98B00C364ED /* fitlog */ = {
			isa = PBXGroup;
			children = (
				481094182ED23557002F7588 /* Info.plist */,
				481094142ED22A5A002F7588 /* Fonts */,
				4810940E2ED227BF002F7588 /* Shared */,
				481094072ED22640002F7588 /* Utils */,
				481094052ED22628002F7588 /* Core */,
				481094062ED22631002F7588 /* Features */,
				481094112ED2284F002F7588 /* Resources */,
				486E870B2ED1C98B00C364ED /* fitlogApp.swift */,
				486E870D2ED1C98B00C364ED /* ContentView.swift */,
				486E87142ED1C99200C364ED /* Persistence.swift */,
				486E87162ED1C99200C364ED /* fitlog.xcdatamodeld */,
				486E87112ED1C99100C364ED /* Preview Content */,
			);
			path = fitlog;
			sourceTree = "<group>";
		};
		486E87112ED1C99100C364ED /* Preview Content */ = {
			isa = PBXGroup;
			children = (
				486E87122ED1C99100C364ED /* Preview Assets.xcassets */,
			);
			path = "Preview Content";
			sourceTree = "<group>";
		};
		486E87202ED1C99200C364ED /* fitlogTests */ = {
			isa = PBXGroup;
			children = (
				486E87212ED1C99200C364ED /* fitlogTests.swift */,
			);
			path = fitlogTests;
			sourceTree = "<group>";
		};
		486E872A2ED1C99200C364ED /* fitlogUITests */ = {
			isa = PBXGroup;
			children = (
				486E872B2ED1C99200C364ED /* fitlogUITests.swift */,
				486E872D2ED1C99200C364ED /* fitlogUITestsLaunchTests.swift */,
			);
			path = fitlogUITests;
			sourceTree = "<group>";
		};
/* End PBXGroup section */

/* Begin PBXNativeTarget section */
		486E87072ED1C98B00C364ED /* fitlog */ = {
			isa = PBXNativeTarget;
			buildConfigurationList = 486E87312ED1C99200C364ED /* Build configuration list for PBXNativeTarget "fitlog" */;
			buildPhases = (
				486E87042ED1C98B00C364ED /* Sources */,
				486E87052ED1C98B00C364ED /* Frameworks */,
				486E87062ED1C98B00C364ED /* Resources */,
			);
			buildRules = (
			);
			dependencies = (
			);
			name = fitlog;
			productName = fitlog;
			productReference = 486E87082ED1C98B00C364ED /* fitlog.app */;
			productType = "com.apple.product-type.application";
		};
		486E871C2ED1C99200C364ED /* fitlogTests */ = {
			isa = PBXNativeTarget;
			buildConfigurationList = 486E87342ED1C99200C364ED /* Build configuration list for PBXNativeTarget "fitlogTests" */;
			buildPhases = (
				486E87192ED1C99200C364ED /* Sources */,
				486E871A2ED1C99200C364ED /* Frameworks */,
				486E871B2ED1C99200C364ED /* Resources */,
			);
			buildRules = (
			);
			dependencies = (
				486E871F2ED1C99200C364ED /* PBXTargetDependency */,
			);
			name = fitlogTests;
			productName = fitlogTests;
			productReference = 486E871D2ED1C99200C364ED /* fitlogTests.xctest */;
			productType = "com.apple.product-type.bundle.unit-test";
		};
		486E87262ED1C99200C364ED /* fitlogUITests */ = {
			isa = PBXNativeTarget;
			buildConfigurationList = 486E87372ED1C99200C364ED /* Build configuration list for PBXNativeTarget "fitlogUITests" */;
			buildPhases = (
				486E87232ED1C99200C364ED /* Sources */,
				486E87242ED1C99200C364ED /* Frameworks */,
				486E87252ED1C99200C364ED /* Resources */,
			);
			buildRules = (
			);
			dependencies = (
				486E87292ED1C99200C364ED /* PBXTargetDependency */,
			);
			name = fitlogUITests;
			productName = fitlogUITests;
			productReference = 486E87272ED1C99200C364ED /* fitlogUITests.xctest */;
			productType = "com.apple.product-type.bundle.ui-testing";
		};
/* End PBXNativeTarget section */

/* Begin PBXProject section */
		486E87002ED1C98B00C364ED /* Project object */ = {
			isa = PBXProject;
			attributes = {
				BuildIndependentTargetsInParallel = 1;
				LastSwiftUpdateCheck = 1430;
				LastUpgradeCheck = 1430;
				TargetAttributes = {
					486E87072ED1C98B00C364ED = {
						CreatedOnToolsVersion = 14.3.1;
					};
					486E871C2ED1C99200C364ED = {
						CreatedOnToolsVersion = 14.3.1;
						TestTargetID = 486E87072ED1C98B00C364ED;
					};
					486E87262ED1C99200C364ED = {
						CreatedOnToolsVersion = 14.3.1;
						TestTargetID = 486E87072ED1C98B00C364ED;
					};
				};
			};
			buildConfigurationList = 486E87032ED1C98B00C364ED /* Build configuration list for PBXProject "fitlog" */;
			compatibilityVersion = "Xcode 14.0";
			developmentRegion = en;
			hasScannedForEncodings = 0;
			knownRegions = (
				en,
				Base,
			);
			mainGroup = 486E86FF2ED1C98B00C364ED;
			productRefGroup = 486E87092ED1C98B00C364ED /* Products */;
			projectDirPath = "";
			projectRoot = "";
			targets = (
				486E87072ED1C98B00C364ED /* fitlog */,
				486E871C2ED1C99200C364ED /* fitlogTests */,
				486E87262ED1C99200C364ED /* fitlogUITests */,
			);
		};
/* End PBXProject section */

/* Begin PBXResourcesBuildPhase section */
		486E87062ED1C98B00C364ED /* Resources */ = {
			isa = PBXResourcesBuildPhase;
			buildActionMask = 2147483647;
			files = (
				481094192ED239BF002F7588 /* Ubuntu-Bold.ttf in Resources */,
				4810941A2ED239BF002F7588 /* Ubuntu-Medium.ttf in Resources */,
				4810941B2ED239BF002F7588 /* Ubuntu-Regular.ttf in Resources */,
				486E87132ED1C99100C364ED /* Preview Assets.xcassets in Resources */,
				486E87102ED1C99100C364ED /* Assets.xcassets in Resources */,
			);
			runOnlyForDeploymentPostprocessing = 0;
		};
		486E871B2ED1C99200C364ED /* Resources */ = {
			isa = PBXResourcesBuildPhase;
			buildActionMask = 2147483647;
			files = (
			);
			runOnlyForDeploymentPostprocessing = 0;
		};
		486E87252ED1C99200C364ED /* Resources */ = {
			isa = PBXResourcesBuildPhase;
			buildActionMask = 2147483647;
			files = (
			);
			runOnlyForDeploymentPostprocessing = 0;
		};
/* End PBXResourcesBuildPhase section */

/* Begin PBXSourcesBuildPhase section */
		486E87042ED1C98B00C364ED /* Sources */ = {
			isa = PBXSourcesBuildPhase;
			buildActionMask = 2147483647;
			files = (
				480D212B2ED34C0F007C90C5 /* CircularDurationPicker.swift in Sources */,
				486E87182ED1C99200C364ED /* fitlog.xcdatamodeld in Sources */,
				480D21212ED345ED007C90C5 /* HomeViewModel.swift in Sources */,
				480D211C2ED3454D007C90C5 /* GlassyTabBarView.swift in Sources */,
				486E87152ED1C99200C364ED /* Persistence.swift in Sources */,
				480D211A2ED34328007C90C5 /* SessionModel.swift in Sources */,
				4810940A2ED22690002F7588 /* WorkoutScreen.swift in Sources */,
				4810940D2ED22751002F7588 /* HomeView.swift in Sources */,
				480D21292ED34978007C90C5 /* AddWorkoutViewModel.swift in Sources */,
				486E870E2ED1C98B00C364ED /* ContentView.swift in Sources */,
				481094132ED22890002F7588 /* AppColors.swift in Sources */,
				486E870C2ED1C98B00C364ED /* fitlogApp.swift in Sources */,
				480D21272ED3476B007C90C5 /* AddWorkoutView.swift in Sources */,
				481094102ED227D1002F7588 /* HeaderView.swift in Sources */,
			);
			runOnlyForDeploymentPostprocessing = 0;
		};
		486E87192ED1C99200C364ED /* Sources */ = {
			isa = PBXSourcesBuildPhase;
			buildActionMask = 2147483647;
			files = (
				486E87222ED1C99200C364ED /* fitlogTests.swift in Sources */,
			);
			runOnlyForDeploymentPostprocessing = 0;
		};
		486E87232ED1C99200C364ED /* Sources */ = {
			isa = PBXSourcesBuildPhase;
			buildActionMask = 2147483647;
			files = (
				486E872C2ED1C99200C364ED /* fitlogUITests.swift in Sources */,
				486E872E2ED1C99200C364ED /* fitlogUITestsLaunchTests.swift in Sources */,
			);
			runOnlyForDeploymentPostprocessing = 0;
		};
/* End PBXSourcesBuildPhase section */

/* Begin PBXTargetDependency section */
		486E871F2ED1C99200C364ED /* PBXTargetDependency */ = {
			isa = PBXTargetDependency;
			target = 486E87072ED1C98B00C364ED /* fitlog */;
			targetProxy = 486E871E2ED1C99200C364ED /* PBXContainerItemProxy */;
		};
		486E87292ED1C99200C364ED /* PBXTargetDependency */ = {
			isa = PBXTargetDependency;
			target = 486E87072ED1C98B00C364ED /* fitlog */;
			targetProxy = 486E87282ED1C99200C364ED /* PBXContainerItemProxy */;
		};
/* End PBXTargetDependency section */

/* Begin XCBuildConfiguration section */
		486E872F2ED1C99200C364ED /* Debug */ = {
			isa = XCBuildConfiguration;
			buildSettings = {
				ALWAYS_SEARCH_USER_PATHS = NO;
				CLANG_ANALYZER_NONNULL = YES;
				CLANG_ANALYZER_NUMBER_OBJECT_CONVERSION = YES_AGGRESSIVE;
				CLANG_CXX_LANGUAGE_STANDARD = "gnu++20";
				CLANG_ENABLE_MODULES = YES;
				CLANG_ENABLE_OBJC_ARC = YES;
				CLANG_ENABLE_OBJC_WEAK = YES;
				CLANG_WARN_BLOCK_CAPTURE_AUTORELEASING = YES;
				CLANG_WARN_BOOL_CONVERSION = YES;
				CLANG_WARN_COMMA = YES;
				CLANG_WARN_CONSTANT_CONVERSION = YES;
				CLANG_WARN_DEPRECATED_OBJC_IMPLEMENTATIONS = YES;
				CLANG_WARN_DIRECT_OBJC_ISA_USAGE = YES_ERROR;
				CLANG_WARN_DOCUMENTATION_COMMENTS = YES;
				CLANG_WARN_EMPTY_BODY = YES;
				CLANG_WARN_ENUM_CONVERSION = YES;
				CLANG_WARN_INFINITE_RECURSION = YES;
				CLANG_WARN_INT_CONVERSION = YES;
				CLANG_WARN_NON_LITERAL_NULL_CONVERSION = YES;
				CLANG_WARN_OBJC_IMPLICIT_RETAIN_SELF = YES;
				CLANG_WARN_OBJC_LITERAL_CONVERSION = YES;
				CLANG_WARN_OBJC_ROOT_CLASS = YES_ERROR;
				CLANG_WARN_QUOTED_INCLUDE_IN_FRAMEWORK_HEADER = YES;
				CLANG_WARN_RANGE_LOOP_ANALYSIS = YES;
				CLANG_WARN_STRICT_PROTOTYPES = YES;
				CLANG_WARN_SUSPICIOUS_MOVE = YES;
				CLANG_WARN_UNGUARDED_AVAILABILITY = YES_AGGRESSIVE;
				CLANG_WARN_UNREACHABLE_CODE = YES;
				CLANG_WARN__DUPLICATE_METHOD_MATCH = YES;
				COPY_PHASE_STRIP = NO;
				DEBUG_INFORMATION_FORMAT = dwarf;
				ENABLE_STRICT_OBJC_MSGSEND = YES;
				ENABLE_TESTABILITY = YES;
				GCC_C_LANGUAGE_STANDARD = gnu11;
				GCC_DYNAMIC_NO_PIC = NO;
				GCC_NO_COMMON_BLOCKS = YES;
				GCC_OPTIMIZATION_LEVEL = 0;
				GCC_PREPROCESSOR_DEFINITIONS = (
					"DEBUG=1",
					"$(inherited)",
				);
				GCC_WARN_64_TO_32_BIT_CONVERSION = YES;
				GCC_WARN_ABOUT_RETURN_TYPE = YES_ERROR;
				GCC_WARN_UNDECLARED_SELECTOR = YES;
				GCC_WARN_UNINITIALIZED_AUTOS = YES_AGGRESSIVE;
				GCC_WARN_UNUSED_FUNCTION = YES;
				GCC_WARN_UNUSED_VARIABLE = YES;
				IPHONEOS_DEPLOYMENT_TARGET = 16.4;
				MTL_ENABLE_DEBUG_INFO = INCLUDE_SOURCE;
				MTL_FAST_MATH = YES;
				ONLY_ACTIVE_ARCH = YES;
				SDKROOT = iphoneos;
				SWIFT_ACTIVE_COMPILATION_CONDITIONS = DEBUG;
				SWIFT_OPTIMIZATION_LEVEL = "-Onone";
			};
			name = Debug;
		};
		486E87302ED1C99200C364ED /* Release */ = {
			isa = XCBuildConfiguration;
			buildSettings = {
				ALWAYS_SEARCH_USER_PATHS = NO;
				CLANG_ANALYZER_NONNULL = YES;
				CLANG_ANALYZER_NUMBER_OBJECT_CONVERSION = YES_AGGRESSIVE;
				CLANG_CXX_LANGUAGE_STANDARD = "gnu++20";
				CLANG_ENABLE_MODULES = YES;
				CLANG_ENABLE_OBJC_ARC = YES;
				CLANG_ENABLE_OBJC_WEAK = YES;
				CLANG_WARN_BLOCK_CAPTURE_AUTORELEASING = YES;
				CLANG_WARN_BOOL_CONVERSION = YES;
				CLANG_WARN_COMMA = YES;
				CLANG_WARN_CONSTANT_CONVERSION = YES;
				CLANG_WARN_DEPRECATED_OBJC_IMPLEMENTATIONS = YES;
				CLANG_WARN_DIRECT_OBJC_ISA_USAGE = YES_ERROR;
				CLANG_WARN_DOCUMENTATION_COMMENTS = YES;
				CLANG_WARN_EMPTY_BODY = YES;
				CLANG_WARN_ENUM_CONVERSION = YES;
				CLANG_WARN_INFINITE_RECURSION = YES;
				CLANG_WARN_INT_CONVERSION = YES;
				CLANG_WARN_NON_LITERAL_NULL_CONVERSION = YES;
				CLANG_WARN_OBJC_IMPLICIT_RETAIN_SELF = YES;
				CLANG_WARN_OBJC_LITERAL_CONVERSION = YES;
				CLANG_WARN_OBJC_ROOT_CLASS = YES_ERROR;
				CLANG_WARN_QUOTED_INCLUDE_IN_FRAMEWORK_HEADER = YES;
				CLANG_WARN_RANGE_LOOP_ANALYSIS = YES;
				CLANG_WARN_STRICT_PROTOTYPES = YES;
				CLANG_WARN_SUSPICIOUS_MOVE = YES;
				CLANG_WARN_UNGUARDED_AVAILABILITY = YES_AGGRESSIVE;
				CLANG_WARN_UNREACHABLE_CODE = YES;
				CLANG_WARN__DUPLICATE_METHOD_MATCH = YES;
				COPY_PHASE_STRIP = NO;
				DEBUG_INFORMATION_FORMAT = "dwarf-with-dsym";
				ENABLE_NS_ASSERTIONS = NO;
				ENABLE_STRICT_OBJC_MSGSEND = YES;
				GCC_C_LANGUAGE_STANDARD = gnu11;
				GCC_NO_COMMON_BLOCKS = YES;
				GCC_WARN_64_TO_32_BIT_CONVERSION = YES;
				GCC_WARN_ABOUT_RETURN_TYPE = YES_ERROR;
				GCC_WARN_UNDECLARED_SELECTOR = YES;
				GCC_WARN_UNINITIALIZED_AUTOS = YES_AGGRESSIVE;
				GCC_WARN_UNUSED_FUNCTION = YES;
				GCC_WARN_UNUSED_VARIABLE = YES;
				IPHONEOS_DEPLOYMENT_TARGET = 16.4;
				MTL_ENABLE_DEBUG_INFO = NO;
				MTL_FAST_MATH = YES;
				SDKROOT = iphoneos;
				SWIFT_COMPILATION_MODE = wholemodule;
				SWIFT_OPTIMIZATION_LEVEL = "-O";
				VALIDATE_PRODUCT = YES;
			};
			name = Release;
		};
		486E87322ED1C99200C364ED /* Debug */ = {
			isa = XCBuildConfiguration;
			buildSettings = {
				ASSETCATALOG_COMPILER_APPICON_NAME = AppIcon;
				ASSETCATALOG_COMPILER_GLOBAL_ACCENT_COLOR_NAME = AccentColor;
				CODE_SIGN_STYLE = Automatic;
				CURRENT_PROJECT_VERSION = 1;
				DEVELOPMENT_ASSET_PATHS = "\"fitlog/Preview Content\"";
				ENABLE_PREVIEWS = YES;
				GENERATE_INFOPLIST_FILE = YES;
				INFOPLIST_FILE = fitlog/Info.plist;
				INFOPLIST_KEY_UIApplicationSceneManifest_Generation = YES;
				INFOPLIST_KEY_UIApplicationSupportsIndirectInputEvents = YES;
				INFOPLIST_KEY_UILaunchScreen_Generation = YES;
				INFOPLIST_KEY_UISupportedInterfaceOrientations_iPad = "UIInterfaceOrientationPortrait UIInterfaceOrientationPortraitUpsideDown UIInterfaceOrientationLandscapeLeft UIInterfaceOrientationLandscapeRight";
				INFOPLIST_KEY_UISupportedInterfaceOrientations_iPhone = "UIInterfaceOrientationPortrait UIInterfaceOrientationLandscapeLeft UIInterfaceOrientationLandscapeRight";
				LD_RUNPATH_SEARCH_PATHS = (
					"$(inherited)",
					"@executable_path/Frameworks",
				);
				MARKETING_VERSION = 1.0;
				PRODUCT_BUNDLE_IDENTIFIER = com.drift.app.fitlog;
				PRODUCT_NAME = "$(TARGET_NAME)";
				SWIFT_EMIT_LOC_STRINGS = YES;
				SWIFT_VERSION = 5.0;
				TARGETED_DEVICE_FAMILY = "1,2";
			};
			name = Debug;
		};
		486E87332ED1C99200C364ED /* Release */ = {
			isa = XCBuildConfiguration;
			buildSettings = {
				ASSETCATALOG_COMPILER_APPICON_NAME = AppIcon;
				ASSETCATALOG_COMPILER_GLOBAL_ACCENT_COLOR_NAME = AccentColor;
				CODE_SIGN_STYLE = Automatic;
				CURRENT_PROJECT_VERSION = 1;
				DEVELOPMENT_ASSET_PATHS = "\"fitlog/Preview Content\"";
				ENABLE_PREVIEWS = YES;
				GENERATE_INFOPLIST_FILE = YES;
				INFOPLIST_FILE = fitlog/Info.plist;
				INFOPLIST_KEY_UIApplicationSceneManifest_Generation = YES;
				INFOPLIST_KEY_UIApplicationSupportsIndirectInputEvents = YES;
				INFOPLIST_KEY_UILaunchScreen_Generation = YES;
				INFOPLIST_KEY_UISupportedInterfaceOrientations_iPad = "UIInterfaceOrientationPortrait UIInterfaceOrientationPortraitUpsideDown UIInterfaceOrientationLandscapeLeft UIInterfaceOrientationLandscapeRight";
				INFOPLIST_KEY_UISupportedInterfaceOrientations_iPhone = "UIInterfaceOrientationPortrait UIInterfaceOrientationLandscapeLeft UIInterfaceOrientationLandscapeRight";
				LD_RUNPATH_SEARCH_PATHS = (
					"$(inherited)",
					"@executable_path/Frameworks",
				);
				MARKETING_VERSION = 1.0;
				PRODUCT_BUNDLE_IDENTIFIER = com.drift.app.fitlog;
				PRODUCT_NAME = "$(TARGET_NAME)";
				SWIFT_EMIT_LOC_STRINGS = YES;
				SWIFT_VERSION = 5.0;
				TARGETED_DEVICE_FAMILY = "1,2";
			};
			name = Release;
		};
		486E87352ED1C99200C364ED /* Debug */ = {
			isa = XCBuildConfiguration;
			buildSettings = {
				ALWAYS_EMBED_SWIFT_STANDARD_LIBRARIES = YES;
				BUNDLE_LOADER = "$(TEST_HOST)";
				CODE_SIGN_STYLE = Automatic;
				CURRENT_PROJECT_VERSION = 1;
				GENERATE_INFOPLIST_FILE = YES;
				IPHONEOS_DEPLOYMENT_TARGET = 16.4;
				MARKETING_VERSION = 1.0;
				PRODUCT_BUNDLE_IDENTIFIER = com.drift.app.fitlogTests;
				PRODUCT_NAME = "$(TARGET_NAME)";
				SWIFT_EMIT_LOC_STRINGS = NO;
				SWIFT_VERSION = 5.0;
				TARGETED_DEVICE_FAMILY = "1,2";
				TEST_HOST = "$(BUILT_PRODUCTS_DIR)/fitlog.app/$(BUNDLE_EXECUTABLE_FOLDER_PATH)/fitlog";
			};
			name = Debug;
		};
		486E87362ED1C99200C364ED /* Release */ = {
			isa = XCBuildConfiguration;
			buildSettings = {
				ALWAYS_EMBED_SWIFT_STANDARD_LIBRARIES = YES;
				BUNDLE_LOADER = "$(TEST_HOST)";
				CODE_SIGN_STYLE = Automatic;
				CURRENT_PROJECT_VERSION = 1;
				GENERATE_INFOPLIST_FILE = YES;
				IPHONEOS_DEPLOYMENT_TARGET = 16.4;
				MARKETING_VERSION = 1.0;
				PRODUCT_BUNDLE_IDENTIFIER = com.drift.app.fitlogTests;
				PRODUCT_NAME = "$(TARGET_NAME)";
				SWIFT_EMIT_LOC_STRINGS = NO;
				SWIFT_VERSION = 5.0;
				TARGETED_DEVICE_FAMILY = "1,2";
				TEST_HOST = "$(BUILT_PRODUCTS_DIR)/fitlog.app/$(BUNDLE_EXECUTABLE_FOLDER_PATH)/fitlog";
			};
			name = Release;
		};
		486E87382ED1C99200C364ED /* Debug */ = {
			isa = XCBuildConfiguration;
			buildSettings = {
				ALWAYS_EMBED_SWIFT_STANDARD_LIBRARIES = YES;
				CODE_SIGN_STYLE = Automatic;
				CURRENT_PROJECT_VERSION = 1;
				GENERATE_INFOPLIST_FILE = YES;
				MARKETING_VERSION = 1.0;
				PRODUCT_BUNDLE_IDENTIFIER = com.drift.app.fitlogUITests;
				PRODUCT_NAME = "$(TARGET_NAME)";
				SWIFT_EMIT_LOC_STRINGS = NO;
				SWIFT_VERSION = 5.0;
				TARGETED_DEVICE_FAMILY = "1,2";
				TEST_TARGET_NAME = fitlog;
			};
			name = Debug;
		};
		486E87392ED1C99200C364ED /* Release */ = {
			isa = XCBuildConfiguration;
			buildSettings = {
				ALWAYS_EMBED_SWIFT_STANDARD_LIBRARIES = YES;
				CODE_SIGN_STYLE = Automatic;
				CURRENT_PROJECT_VERSION = 1;
				GENERATE_INFOPLIST_FILE = YES;
				MARKETING_VERSION = 1.0;
				PRODUCT_BUNDLE_IDENTIFIER = com.drift.app.fitlogUITests;
				PRODUCT_NAME = "$(TARGET_NAME)";
				SWIFT_EMIT_LOC_STRINGS = NO;
				SWIFT_VERSION = 5.0;
				TARGETED_DEVICE_FAMILY = "1,2";
				TEST_TARGET_NAME = fitlog;
			};
			name = Release;
		};
/* End XCBuildConfiguration section */

/* Begin XCConfigurationList section */
		486E87032ED1C98B00C364ED /* Build configuration list for PBXProject "fitlog" */ = {
			isa = XCConfigurationList;
			buildConfigurations = (
				486E872F2ED1C99200C364ED /* Debug */,
				486E87302ED1C99200C364ED /* Release */,
			);
			defaultConfigurationIsVisible = 0;
			defaultConfigurationName = Release;
		};
		486E87312ED1C99200C364ED /* Build configuration list for PBXNativeTarget "fitlog" */ = {
			isa = XCConfigurationList;
			buildConfigurations = (
				486E87322ED1C99200C364ED /* Debug */,
				486E87332ED1C99200C364ED /* Release */,
			);
			defaultConfigurationIsVisible = 0;
			defaultConfigurationName = Release;
		};
		486E87342ED1C99200C364ED /* Build configuration list for PBXNativeTarget "fitlogTests" */ = {
			isa = XCConfigurationList;
			buildConfigurations = (
				486E87352ED1C99200C364ED /* Debug */,
				486E87362ED1C99200C364ED /* Release */,
			);
			defaultConfigurationIsVisible = 0;
			defaultConfigurationName = Release;
		};
		486E87372ED1C99200C364ED /* Build configuration list for PBXNativeTarget "fitlogUITests" */ = {
			isa = XCConfigurationList;
			buildConfigurations = (
				486E87382ED1C99200C364ED /* Debug */,
				486E87392ED1C99200C364ED /* Release */,
			);
			defaultConfigurationIsVisible = 0;
			defaultConfigurationName = Release;
		};
/* End XCConfigurationList section */

/* Begin XCVersionGroup section */
		486E87162ED1C99200C364ED /* fitlog.xcdatamodeld */ = {
			isa = XCVersionGroup;
			children = (
				486E87172ED1C99200C364ED /* fitlog.xcdatamodel */,
			);
			currentVersion = 486E87172ED1C99200C364ED /* fitlog.xcdatamodel */;
			path = fitlog.xcdatamodeld;
			sourceTree = "<group>";
			versionGroupType = wrapper.xcdatamodel;
		};
/* End XCVersionGroup section */
	};
	rootObject = 486E87002ED1C98B00C364ED /* Project object */;
}
